// !$*UTF8*$!
{
	archiveVersion = 1;
	classes = {
	};
	objectVersion = 50;
	objects = {

/* Begin PBXBuildFile section */
		782B3D722459FFE90052FB17 /* AppDelegate.swift in Sources */ = {isa = PBXBuildFile; fileRef = 782B3D712459FFE90052FB17 /* AppDelegate.swift */; };
		782B3D742459FFE90052FB17 /* SceneDelegate.swift in Sources */ = {isa = PBXBuildFile; fileRef = 782B3D732459FFE90052FB17 /* SceneDelegate.swift */; };
		782B3D762459FFE90052FB17 /* ContentView.swift in Sources */ = {isa = PBXBuildFile; fileRef = 782B3D752459FFE90052FB17 /* ContentView.swift */; };
		782B3D782459FFEB0052FB17 /* Assets.xcassets in Resources */ = {isa = PBXBuildFile; fileRef = 782B3D772459FFEB0052FB17 /* Assets.xcassets */; };
		782B3D7B2459FFEB0052FB17 /* Preview Assets.xcassets in Resources */ = {isa = PBXBuildFile; fileRef = 782B3D7A2459FFEB0052FB17 /* Preview Assets.xcassets */; };
		782B3D7E2459FFEB0052FB17 /* LaunchScreen.storyboard in Resources */ = {isa = PBXBuildFile; fileRef = 782B3D7C2459FFEB0052FB17 /* LaunchScreen.storyboard */; };
		782B3D86245A00210052FB17 /* Parent.swift in Sources */ = {isa = PBXBuildFile; fileRef = 782B3D85245A00210052FB17 /* Parent.swift */; };
		782B3D88245A24330052FB17 /* RetainCycle.swift in Sources */ = {isa = PBXBuildFile; fileRef = 782B3D87245A24330052FB17 /* RetainCycle.swift */; };
/* End PBXBuildFile section */

/* Begin PBXFileReference section */
		782B3D6E2459FFE90052FB17 /* MemoryLeaksManagement.app */ = {isa = PBXFileReference; explicitFileType = wrapper.application; includeInIndex = 0; path = MemoryLeaksManagement.app; sourceTree = BUILT_PRODUCTS_DIR; };
		782B3D712459FFE90052FB17 /* AppDelegate.swift */ = {isa = PBXFileReference; lastKnownFileType = sourcecode.swift; path = AppDelegate.swift; sourceTree = "<group>"; };
		782B3D732459FFE90052FB17 /* SceneDelegate.swift */ = {isa = PBXFileReference; lastKnownFileType = sourcecode.swift; path = SceneDelegate.swift; sourceTree = "<group>"; };
		782B3D752459FFE90052FB17 /* ContentView.swift */ = {isa = PBXFileReference; lastKnownFileType = sourcecode.swift; path = ContentView.swift; sourceTree = "<group>"; };
		782B3D772459FFEB0052FB17 /* Assets.xcassets */ = {isa = PBXFileReference; lastKnownFileType = folder.assetcatalog; path = Assets.xcassets; sourceTree = "<group>"; };
		782B3D7A2459FFEB0052FB17 /* Preview Assets.xcassets */ = {isa = PBXFileReference; lastKnownFileType = folder.assetcatalog; path = "Preview Assets.xcassets"; sourceTree = "<group>"; };
		782B3D7D2459FFEB0052FB17 /* Base */ = {isa = PBXFileReference; lastKnownFileType = file.storyboard; name = Base; path = Base.lproj/LaunchScreen.storyboard; sourceTree = "<group>"; };
		782B3D7F2459FFEB0052FB17 /* Info.plist */ = {isa = PBXFileReference; lastKnownFileType = text.plist.xml; path = Info.plist; sourceTree = "<group>"; };
		782B3D85245A00210052FB17 /* Parent.swift */ = {isa = PBXFileReference; lastKnownFileType = sourcecode.swift; path = Parent.swift; sourceTree = "<group>"; };
		782B3D87245A24330052FB17 /* RetainCycle.swift */ = {isa = PBXFileReference; lastKnownFileType = sourcecode.swift; path = RetainCycle.swift; sourceTree = "<group>"; };
/* End PBXFileReference section */

/* Begin PBXFrameworksBuildPhase section */
		782B3D6B2459FFE90052FB17 /* Frameworks */ = {
			isa = PBXFrameworksBuildPhase;
			buildActionMask = 2147483647;
			files = (
			);
			runOnlyForDeploymentPostprocessing = 0;
		};
/* End PBXFrameworksBuildPhase section */

/* Begin PBXGroup section */
		782B3D652459FFE90052FB17 = {
			isa = PBXGroup;
			children = (
				782B3D702459FFE90052FB17 /* MemoryLeaksManagement */,
				782B3D6F2459FFE90052FB17 /* Products */,
			);
			sourceTree = "<group>";
		};
		782B3D6F2459FFE90052FB17 /* Products */ = {
			isa = PBXGroup;
			children = (
				782B3D6E2459FFE90052FB17 /* MemoryLeaksManagement.app */,
			);
			name = Products;
			sourceTree = "<group>";
		};
		782B3D702459FFE90052FB17 /* MemoryLeaksManagement */ = {
			isa = PBXGroup;
			children = (
				782B3D712459FFE90052FB17 /* AppDelegate.swift */,
				782B3D85245A00210052FB17 /* Parent.swift */,
				782B3D87245A24330052FB17 /* RetainCycle.swift */,
				782B3D732459FFE90052FB17 /* SceneDelegate.swift */,
				782B3D752459FFE90052FB17 /* ContentView.swift */,
				782B3D772459FFEB0052FB17 /* Assets.xcassets */,
				782B3D7C2459FFEB0052FB17 /* LaunchScreen.storyboard */,
				782B3D7F2459FFEB0052FB17 /* Info.plist */,
				782B3D792459FFEB0052FB17 /* Preview Content */,
			);
			path = MemoryLeaksManagement;
			sourceTree = "<group>";
		};
		782B3D792459FFEB0052FB17 /* Preview Content */ = {
			isa = PBXGroup;
			children = (
				782B3D7A2459FFEB0052FB17 /* Preview Assets.xcassets */,
			);
			path = "Preview Content";
			sourceTree = "<group>";
		};
/* End PBXGroup section */

/* Begin PBXNativeTarget section */
		782B3D6D2459FFE90052FB17 /* MemoryLeaksManagement */ = {
			isa = PBXNativeTarget;
			buildConfigurationList = 782B3D822459FFEB0052FB17 /* Build configuration list for PBXNativeTarget "MemoryLeaksManagement" */;
			buildPhases = (
				782B3D6A2459FFE90052FB17 /* Sources */,
				782B3D6B2459FFE90052FB17 /* Frameworks */,
				782B3D6C2459FFE90052FB17 /* Resources */,
			);
			buildRules = (
			);
			dependencies = (
			);
			name = MemoryLeaksManagement;
			productName = MemoryLeaksManagement;
			productReference = 782B3D6E2459FFE90052FB17 /* MemoryLeaksManagement.app */;
			productType = "com.apple.product-type.application";
		};
/* End PBXNativeTarget section */

/* Begin PBXProject section */
		782B3D662459FFE90052FB17 /* Project object */ = {
			isa = PBXProject;
			attributes = {
				LastSwiftUpdateCheck = 1140;
				LastUpgradeCheck = 1140;
				ORGANIZATIONNAME = Punkbit;
				TargetAttributes = {
					782B3D6D2459FFE90052FB17 = {
						CreatedOnToolsVersion = 11.4;
					};
				};
			};
			buildConfigurationList = 782B3D692459FFE90052FB17 /* Build configuration list for PBXProject "MemoryLeaksManagement" */;
			compatibilityVersion = "Xcode 9.3";
			developmentRegion = en;
			hasScannedForEncodings = 0;
			knownRegions = (
				en,
				Base,
			);
			mainGroup = 782B3D652459FFE90052FB17;
			productRefGroup = 782B3D6F2459FFE90052FB17 /* Products */;
			projectDirPath = "";
			projectRoot = "";
			targets = (
				782B3D6D2459FFE90052FB17 /* MemoryLeaksManagement */,
			);
		};
/* End PBXProject section */

/* Begin PBXResourcesBuildPhase section */
		782B3D6C2459FFE90052FB17 /* Resources */ = {
			isa = PBXResourcesBuildPhase;
			buildActionMask = 2147483647;
			files = (
				782B3D7E2459FFEB0052FB17 /* LaunchScreen.storyboard in Resources */,
				782B3D7B2459FFEB0052FB17 /* Preview Assets.xcassets in Resources */,
				782B3D782459FFEB0052FB17 /* Assets.xcassets in Resources */,
			);
			runOnlyForDeploymentPostprocessing = 0;
		};
/* End PBXResourcesBuildPhase section */

/* Begin PBXSourcesBuildPhase section */
		782B3D6A2459FFE90052FB17 /* Sources */ = {
			isa = PBXSourcesBuildPhase;
			buildActionMask = 2147483647;
			files = (
				782B3D722459FFE90052FB17 /* AppDelegate.swift in Sources */,
				782B3D86245A00210052FB17 /* Parent.swift in Sources */,
				782B3D742459FFE90052FB17 /* SceneDelegate.swift in Sources */,
				782B3D762459FFE90052FB17 /* ContentView.swift in Sources */,
				782B3D88245A24330052FB17 /* RetainCycle.swift in Sources */,
			);
			runOnlyForDeploymentPostprocessing = 0;
		};
/* End PBXSourcesBuildPhase section */

/* Begin PBXVariantGroup section */
		782B3D7C2459FFEB0052FB17 /* LaunchScreen.storyboard */ = {
			isa = PBXVariantGroup;
			children = (
				782B3D7D2459FFEB0052FB17 /* Base */,
			);
			name = LaunchScreen.storyboard;
			sourceTree = "<group>";
		};
/* End PBXVariantGroup section */

/* Begin XCBuildConfiguration section */
		782B3D802459FFEB0052FB17 /* Debug */ = {
			isa = XCBuildConfiguration;
			buildSettings = {
				ALWAYS_SEARCH_USER_PATHS = NO;
				CLANG_ANALYZER_NONNULL = YES;
				CLANG_ANALYZER_NUMBER_OBJECT_CONVERSION = YES_AGGRESSIVE;
				CLANG_CXX_LANGUAGE_STANDARD = "gnu++14";
				CLANG_CXX_LIBRARY = "libc++";
				CLANG_ENABLE_MODULES = YES;
				CLANG_ENABLE_OBJC_ARC = YES;
				CLANG_ENABLE_OBJC_WEAK = YES;
				CLANG_WARN_BLOCK_CAPTURE_AUTORELEASING = YES;
				CLANG_WARN_BOOL_CONVERSION = YES;
				CLANG_WARN_COMMA = YES;
				CLANG_WARN_CONSTANT_CONVERSION = YES;
				CLANG_WARN_DEPRECATED_OBJC_IMPLEMENTATIONS = YES;
				CLANG_WARN_DIRECT_OBJC_ISA_USAGE = YES_ERROR;
				CLANG_WARN_DOCUMENTATION_COMMENTS = YES;
				CLANG_WARN_EMPTY_BODY = YES;
				CLANG_WARN_ENUM_CONVERSION = YES;
				CLANG_WARN_INFINITE_RECURSION = YES;
				CLANG_WARN_INT_CONVERSION = YES;
				CLANG_WARN_NON_LITERAL_NULL_CONVERSION = YES;
				CLANG_WARN_OBJC_IMPLICIT_RETAIN_SELF = YES;
				CLANG_WARN_OBJC_LITERAL_CONVERSION = YES;
				CLANG_WARN_OBJC_ROOT_CLASS = YES_ERROR;
				CLANG_WARN_RANGE_LOOP_ANALYSIS = YES;
				CLANG_WARN_STRICT_PROTOTYPES = YES;
				CLANG_WARN_SUSPICIOUS_MOVE = YES;
				CLANG_WARN_UNGUARDED_AVAILABILITY = YES_AGGRESSIVE;
				CLANG_WARN_UNREACHABLE_CODE = YES;
				CLANG_WARN__DUPLICATE_METHOD_MATCH = YES;
				COPY_PHASE_STRIP = NO;
				DEBUG_INFORMATION_FORMAT = dwarf;
				ENABLE_STRICT_OBJC_MSGSEND = YES;
				ENABLE_TESTABILITY = YES;
				GCC_C_LANGUAGE_STANDARD = gnu11;
				GCC_DYNAMIC_NO_PIC = NO;
				GCC_NO_COMMON_BLOCKS = YES;
				GCC_OPTIMIZATION_LEVEL = 0;
				GCC_PREPROCESSOR_DEFINITIONS = (
					"DEBUG=1",
					"$(inherited)",
				);
				GCC_WARN_64_TO_32_BIT_CONVERSION = YES;
				GCC_WARN_ABOUT_RETURN_TYPE = YES_ERROR;
				GCC_WARN_UNDECLARED_SELECTOR = YES;
				GCC_WARN_UNINITIALIZED_AUTOS = YES_AGGRESSIVE;
				GCC_WARN_UNUSED_FUNCTION = YES;
				GCC_WARN_UNUSED_VARIABLE = YES;
				IPHONEOS_DEPLOYMENT_TARGET = 13.4;
				MTL_ENABLE_DEBUG_INFO = INCLUDE_SOURCE;
				MTL_FAST_MATH = YES;
				ONLY_ACTIVE_ARCH = YES;
				SDKROOT = iphoneos;
				SWIFT_ACTIVE_COMPILATION_CONDITIONS = DEBUG;
				SWIFT_OPTIMIZATION_LEVEL = "-Onone";
			};
			name = Debug;
		};
		782B3D812459FFEB0052FB17 /* Release */ = {
			isa = XCBuildConfiguration;
			buildSettings = {
				ALWAYS_SEARCH_USER_PATHS = NO;
				CLANG_ANALYZER_NONNULL = YES;
				CLANG_ANALYZER_NUMBER_OBJECT_CONVERSION = YES_AGGRESSIVE;
				CLANG_CXX_LANGUAGE_STANDARD = "gnu++14";
				CLANG_CXX_LIBRARY = "libc++";
				CLANG_ENABLE_MODULES = YES;
				CLANG_ENABLE_OBJC_ARC = YES;
				CLANG_ENABLE_OBJC_WEAK = YES;
				CLANG_WARN_BLOCK_CAPTURE_AUTORELEASING = YES;
				CLANG_WARN_BOOL_CONVERSION = YES;
				CLANG_WARN_COMMA = YES;
				CLANG_WARN_CONSTANT_CONVERSION = YES;
				CLANG_WARN_DEPRECATED_OBJC_IMPLEMENTATIONS = YES;
				CLANG_WARN_DIRECT_OBJC_ISA_USAGE = YES_ERROR;
				CLANG_WARN_DOCUMENTATION_COMMENTS = YES;
				CLANG_WARN_EMPTY_BODY = YES;
				CLANG_WARN_ENUM_CONVERSION = YES;
				CLANG_WARN_INFINITE_RECURSION = YES;
				CLANG_WARN_INT_CONVERSION = YES;
				CLANG_WARN_NON_LITERAL_NULL_CONVERSION = YES;
				CLANG_WARN_OBJC_IMPLICIT_RETAIN_SELF = YES;
				CLANG_WARN_OBJC_LITERAL_CONVERSION = YES;
				CLANG_WARN_OBJC_ROOT_CLASS = YES_ERROR;
				CLANG_WARN_RANGE_LOOP_ANALYSIS = YES;
				CLANG_WARN_STRICT_PROTOTYPES = YES;
				CLANG_WARN_SUSPICIOUS_MOVE = YES;
				CLANG_WARN_UNGUARDED_AVAILABILITY = YES_AGGRESSIVE;
				CLANG_WARN_UNREACHABLE_CODE = YES;
				CLANG_WARN__DUPLICATE_METHOD_MATCH = YES;
				COPY_PHASE_STRIP = NO;
				DEBUG_INFORMATION_FORMAT = "dwarf-with-dsym";
				ENABLE_NS_ASSERTIONS = NO;
				ENABLE_STRICT_OBJC_MSGSEND = YES;
				GCC_C_LANGUAGE_STANDARD = gnu11;
				GCC_NO_COMMON_BLOCKS = YES;
				GCC_WARN_64_TO_32_BIT_CONVERSION = YES;
				GCC_WARN_ABOUT_RETURN_TYPE = YES_ERROR;
				GCC_WARN_UNDECLARED_SELECTOR = YES;
				GCC_WARN_UNINITIALIZED_AUTOS = YES_AGGRESSIVE;
				GCC_WARN_UNUSED_FUNCTION = YES;
				GCC_WARN_UNUSED_VARIABLE = YES;
				IPHONEOS_DEPLOYMENT_TARGET = 13.4;
				MTL_ENABLE_DEBUG_INFO = NO;
				MTL_FAST_MATH = YES;
				SDKROOT = iphoneos;
				SWIFT_COMPILATION_MODE = wholemodule;
				SWIFT_OPTIMIZATION_LEVEL = "-O";
				VALIDATE_PRODUCT = YES;
			};
			name = Release;
		};
		782B3D832459FFEB0052FB17 /* Debug */ = {
			isa = XCBuildConfiguration;
			buildSettings = {
				ASSETCATALOG_COMPILER_APPICON_NAME = AppIcon;
				CODE_SIGN_STYLE = Automatic;
				DEVELOPMENT_ASSET_PATHS = "\"MemoryLeaksManagement/Preview Content\"";
				ENABLE_PREVIEWS = YES;
				INFOPLIST_FILE = MemoryLeaksManagement/Info.plist;
				LD_RUNPATH_SEARCH_PATHS = (
					"$(inherited)",
					"@executable_path/Frameworks",
				);
				PRODUCT_BUNDLE_IDENTIFIER = com.punkbit.MemoryLeaksManagement;
				PRODUCT_NAME = "$(TARGET_NAME)";
				SWIFT_VERSION = 5.0;
				TARGETED_DEVICE_FAMILY = "1,2";
			};
			name = Debug;
		};
		782B3D842459FFEB0052FB17 /* Release */ = {
			isa = XCBuildConfiguration;
			buildSettings = {
				ASSETCATALOG_COMPILER_APPICON_NAME = AppIcon;
				CODE_SIGN_STYLE = Automatic;
				DEVELOPMENT_ASSET_PATHS = "\"MemoryLeaksManagement/Preview Content\"";
				ENABLE_PREVIEWS = YES;
				INFOPLIST_FILE = MemoryLeaksManagement/Info.plist;
				LD_RUNPATH_SEARCH_PATHS = (
					"$(inherited)",
					"@executable_path/Frameworks",
				);
				PRODUCT_BUNDLE_IDENTIFIER = com.punkbit.MemoryLeaksManagement;
				PRODUCT_NAME = "$(TARGET_NAME)";
				SWIFT_VERSION = 5.0;
				TARGETED_DEVICE_FAMILY = "1,2";
			};
			name = Release;
		};
/* End XCBuildConfiguration section */

/* Begin XCConfigurationList section */
		782B3D692459FFE90052FB17 /* Build configuration list for PBXProject "MemoryLeaksManagement" */ = {
			isa = XCConfigurationList;
			buildConfigurations = (
				782B3D802459FFEB0052FB17 /* Debug */,
				782B3D812459FFEB0052FB17 /* Release */,
			);
			defaultConfigurationIsVisible = 0;
			defaultConfigurationName = Release;
		};
		782B3D822459FFEB0052FB17 /* Build configuration list for PBXNativeTarget "MemoryLeaksManagement" */ = {
			isa = XCConfigurationList;
			buildConfigurations = (
				782B3D832459FFEB0052FB17 /* Debug */,
				782B3D842459FFEB0052FB17 /* Release */,
			);
			defaultConfigurationIsVisible = 0;
			defaultConfigurationName = Release;
		};
/* End XCConfigurationList section */
	};
	rootObject = 782B3D662459FFE90052FB17 /* Project object */;
}
